
Microsoft Visual Studio Solution File, Format Version 12.00
# Visual Studio Version 17
VisualStudioVersion = 17.5.33627.172
MinimumVisualStudioVersion = 10.0.40219.1
Project("{9A19103F-16F7-4668-BE54-9A1E7A4F7556}") = "LogVisualizer", "LogVisualizer\LogVisualizer.csproj", "{9C70F5D0-3FF0-4C0C-B9D9-84EA2B776AB6}"
EndProject
Project("{2150E333-8FDC-42A3-9474-1A3956D46DE8}") = "Solution", "Solution", "{6183B9DD-E287-4ADB-8E70-286E3F25B4FC}"
	ProjectSection(SolutionItems) = preProject
		..\.github\workflows\ci.yml = ..\.github\workflows\ci.yml
		..\upgradeInfo.json = ..\upgradeInfo.json
	EndProjectSection
EndProject
Project("{9A19103F-16F7-4668-BE54-9A1E7A4F7556}") = "GithubReleaseUpgrader", "..\3rd\GithubReleaseUpgrader\src\GithubReleaseUpgrader\GithubReleaseUpgrader.csproj", "{C4E00BA4-3057-4426-9CBD-C5AACB741FB9}"
EndProject
Project("{9A19103F-16F7-4668-BE54-9A1E7A4F7556}") = "LogVisualizer.I18N", "LogVisualizer.I18N\LogVisualizer.I18N.csproj", "{09518BA5-1761-4A3E-9025-06D31310E692}"
EndProject
Project("{2150E333-8FDC-42A3-9474-1A3956D46DE8}") = "3rd", "3rd", "{173C1E68-20D6-4BCC-9213-AA70D6604BCF}"
EndProject
Project("{9A19103F-16F7-4668-BE54-9A1E7A4F7556}") = "LogVisualizer.Commons", "LogVisualizer.Commons\LogVisualizer.Commons.csproj", "{C80CA781-4FBC-4E61-B57B-06F71B37D0CC}"
EndProject
Project("{9A19103F-16F7-4668-BE54-9A1E7A4F7556}") = "LogVisualizer.Test", "LogVisualizer.Test\LogVisualizer.Test.csproj", "{D948825D-D8CD-4C9B-AA75-D0961111BCBC}"
EndProject
Project("{FAE04EC0-301F-11D3-BF4B-00C04F79EFBC}") = "LogVisualizer.Scenarios", "LogVisualizer.Scenarios\LogVisualizer.Scenarios.csproj", "{36D6642A-4FD3-46AE-8FAB-D722EC6A8B92}"
EndProject
Global
	GlobalSection(SolutionConfigurationPlatforms) = preSolution
		Debug|Any CPU = Debug|Any CPU
		Debug|x64 = Debug|x64
		Release|Any CPU = Release|Any CPU
		Release|x64 = Release|x64
	EndGlobalSection
	GlobalSection(ProjectConfigurationPlatforms) = postSolution
		{9C70F5D0-3FF0-4C0C-B9D9-84EA2B776AB6}.Debug|Any CPU.ActiveCfg = Debug|Any CPU
		{9C70F5D0-3FF0-4C0C-B9D9-84EA2B776AB6}.Debug|Any CPU.Build.0 = Debug|Any CPU
		{9C70F5D0-3FF0-4C0C-B9D9-84EA2B776AB6}.Debug|x64.ActiveCfg = Debug|x64
		{9C70F5D0-3FF0-4C0C-B9D9-84EA2B776AB6}.Debug|x64.Build.0 = Debug|x64
		{9C70F5D0-3FF0-4C0C-B9D9-84EA2B776AB6}.Release|Any CPU.ActiveCfg = Release|Any CPU
		{9C70F5D0-3FF0-4C0C-B9D9-84EA2B776AB6}.Release|Any CPU.Build.0 = Release|Any CPU
		{9C70F5D0-3FF0-4C0C-B9D9-84EA2B776AB6}.Release|x64.ActiveCfg = Release|x64
		{9C70F5D0-3FF0-4C0C-B9D9-84EA2B776AB6}.Release|x64.Build.0 = Release|x64
		{C4E00BA4-3057-4426-9CBD-C5AACB741FB9}.Debug|Any CPU.ActiveCfg = Debug|Any CPU
		{C4E00BA4-3057-4426-9CBD-C5AACB741FB9}.Debug|Any CPU.Build.0 = Debug|Any CPU
		{C4E00BA4-3057-4426-9CBD-C5AACB741FB9}.Debug|x64.ActiveCfg = Debug|x64
		{C4E00BA4-3057-4426-9CBD-C5AACB741FB9}.Debug|x64.Build.0 = Debug|x64
		{C4E00BA4-3057-4426-9CBD-C5AACB741FB9}.Release|Any CPU.ActiveCfg = Release|Any CPU
		{C4E00BA4-3057-4426-9CBD-C5AACB741FB9}.Release|Any CPU.Build.0 = Release|Any CPU
		{C4E00BA4-3057-4426-9CBD-C5AACB741FB9}.Release|x64.ActiveCfg = Release|x64
		{C4E00BA4-3057-4426-9CBD-C5AACB741FB9}.Release|x64.Build.0 = Release|x64
		{09518BA5-1761-4A3E-9025-06D31310E692}.Debug|Any CPU.ActiveCfg = Debug|Any CPU
		{09518BA5-1761-4A3E-9025-06D31310E692}.Debug|Any CPU.Build.0 = Debug|Any CPU
		{09518BA5-1761-4A3E-9025-06D31310E692}.Debug|x64.ActiveCfg = Debug|x64
		{09518BA5-1761-4A3E-9025-06D31310E692}.Debug|x64.Build.0 = Debug|x64
		{09518BA5-1761-4A3E-9025-06D31310E692}.Release|Any CPU.ActiveCfg = Release|Any CPU
		{09518BA5-1761-4A3E-9025-06D31310E692}.Release|Any CPU.Build.0 = Release|Any CPU
		{09518BA5-1761-4A3E-9025-06D31310E692}.Release|x64.ActiveCfg = Release|x64
		{09518BA5-1761-4A3E-9025-06D31310E692}.Release|x64.Build.0 = Release|x64
		{C80CA781-4FBC-4E61-B57B-06F71B37D0CC}.Debug|Any CPU.ActiveCfg = Debug|Any CPU
		{C80CA781-4FBC-4E61-B57B-06F71B37D0CC}.Debug|Any CPU.Build.0 = Debug|Any CPU
		{C80CA781-4FBC-4E61-B57B-06F71B37D0CC}.Debug|x64.ActiveCfg = Debug|x64
		{C80CA781-4FBC-4E61-B57B-06F71B37D0CC}.Debug|x64.Build.0 = Debug|x64
		{C80CA781-4FBC-4E61-B57B-06F71B37D0CC}.Release|Any CPU.ActiveCfg = Release|Any CPU
		{C80CA781-4FBC-4E61-B57B-06F71B37D0CC}.Release|Any CPU.Build.0 = Release|Any CPU
		{C80CA781-4FBC-4E61-B57B-06F71B37D0CC}.Release|x64.ActiveCfg = Release|x64
		{C80CA781-4FBC-4E61-B57B-06F71B37D0CC}.Release|x64.Build.0 = Release|x64
		{D948825D-D8CD-4C9B-AA75-D0961111BCBC}.Debug|Any CPU.ActiveCfg = Debug|Any CPU
		{D948825D-D8CD-4C9B-AA75-D0961111BCBC}.Debug|Any CPU.Build.0 = Debug|Any CPU
		{D948825D-D8CD-4C9B-AA75-D0961111BCBC}.Debug|x64.ActiveCfg = Debug|x64
		{D948825D-D8CD-4C9B-AA75-D0961111BCBC}.Debug|x64.Build.0 = Debug|x64
		{D948825D-D8CD-4C9B-AA75-D0961111BCBC}.Release|Any CPU.ActiveCfg = Release|Any CPU
		{D948825D-D8CD-4C9B-AA75-D0961111BCBC}.Release|Any CPU.Build.0 = Release|Any CPU
		{D948825D-D8CD-4C9B-AA75-D0961111BCBC}.Release|x64.ActiveCfg = Release|x64
		{D948825D-D8CD-4C9B-AA75-D0961111BCBC}.Release|x64.Build.0 = Release|x64
		{36D6642A-4FD3-46AE-8FAB-D722EC6A8B92}.Debug|Any CPU.ActiveCfg = Debug|Any CPU
		{36D6642A-4FD3-46AE-8FAB-D722EC6A8B92}.Debug|Any CPU.Build.0 = Debug|Any CPU
		{36D6642A-4FD3-46AE-8FAB-D722EC6A8B92}.Debug|x64.ActiveCfg = Debug|Any CPU
		{36D6642A-4FD3-46AE-8FAB-D722EC6A8B92}.Debug|x64.Build.0 = Debug|Any CPU
		{36D6642A-4FD3-46AE-8FAB-D722EC6A8B92}.Release|Any CPU.ActiveCfg = Release|Any CPU
		{36D6642A-4FD3-46AE-8FAB-D722EC6A8B92}.Release|Any CPU.Build.0 = Release|Any CPU
		{36D6642A-4FD3-46AE-8FAB-D722EC6A8B92}.Release|x64.ActiveCfg = Release|Any CPU
		{36D6642A-4FD3-46AE-8FAB-D722EC6A8B92}.Release|x64.Build.0 = Release|Any CPU
	EndGlobalSection
	GlobalSection(SolutionProperties) = preSolution
		HideSolutionNode = FALSE
	EndGlobalSection
	GlobalSection(NestedProjects) = preSolution
		{C4E00BA4-3057-4426-9CBD-C5AACB741FB9} = {173C1E68-20D6-4BCC-9213-AA70D6604BCF}
		{173C1E68-20D6-4BCC-9213-AA70D6604BCF} = {6183B9DD-E287-4ADB-8E70-286E3F25B4FC}
	EndGlobalSection
	GlobalSection(ExtensibilityGlobals) = postSolution
		SolutionGuid = {567A4108-14E1-4E82-A0F9-9F280747DC94}
	EndGlobalSection
EndGlobal
