
Microsoft Visual Studio Solution File, Format Version 12.00
# Visual Studio Version 17
VisualStudioVersion = 17.5.33627.172
MinimumVisualStudioVersion = 10.0.40219.1
Project("{9A19103F-16F7-4668-BE54-9A1E7A4F7556}") = "LogVisualizer", "LogVisualizer\LogVisualizer.csproj", "{6B70B12A-9C3E-461A-87DC-630918701938}"
EndProject
Project("{9A19103F-16F7-4668-BE54-9A1E7A4F7556}") = "DataVirtualization", "DataVirtualization\DataVirtualization.csproj", "{FDC922BA-9689-4B34-9936-BF5A26A2DC95}"
EndProject
Global
	GlobalSection(SolutionConfigurationPlatforms) = preSolution
		Debug|Any CPU = Debug|Any CPU
		Release|Any CPU = Release|Any CPU
	EndGlobalSection
	GlobalSection(ProjectConfigurationPlatforms) = postSolution
		{6B70B12A-9C3E-461A-87DC-630918701938}.Debug|Any CPU.ActiveCfg = Debug|Any CPU
		{6B70B12A-9C3E-461A-87DC-630918701938}.Debug|Any CPU.Build.0 = Debug|Any CPU
		{6B70B12A-9C3E-461A-87DC-630918701938}.Release|Any CPU.ActiveCfg = Release|Any CPU
		{6B70B12A-9C3E-461A-87DC-630918701938}.Release|Any CPU.Build.0 = Release|Any CPU
		{FDC922BA-9689-4B34-9936-BF5A26A2DC95}.Debug|Any CPU.ActiveCfg = Debug|Any CPU
		{FDC922BA-9689-4B34-9936-BF5A26A2DC95}.Debug|Any CPU.Build.0 = Debug|Any CPU
		{FDC922BA-9689-4B34-9936-BF5A26A2DC95}.Release|Any CPU.ActiveCfg = Release|Any CPU
		{FDC922BA-9689-4B34-9936-BF5A26A2DC95}.Release|Any CPU.Build.0 = Release|Any CPU
	EndGlobalSection
	GlobalSection(SolutionProperties) = preSolution
		HideSolutionNode = FALSE
	EndGlobalSection
	GlobalSection(ExtensibilityGlobals) = postSolution
		SolutionGuid = {567A4108-14E1-4E82-A0F9-9F280747DC94}
	EndGlobalSection
EndGlobal
